<?xml version="1.0" encoding="utf-8"?>
<Project ToolsVersion="4.0" xmlns="http://schemas.microsoft.com/developer/msbuild/2003">
  <ItemGroup>
    <Filter Include="Header Files">
      <UniqueIdentifier>{93995380-89BD-4b04-88EB-625FBE52EBFB}</UniqueIdentifier>
      <Extensions>h;hh;hpp;hxx;hm;inl;inc;xsd</Extensions>
    </Filter>
    <Filter Include="Resource Files">
      <UniqueIdentifier>{67DA6AB6-F800-4c08-8B7A-83BB121AAD01}</UniqueIdentifier>
      <Extensions>rc;ico;cur;bmp;dlg;rc2;rct;bin;rgs;gif;jpg;jpeg;jpe;resx;tiff;tif;png;wav;mfcribbon-ms</Extensions>
    </Filter>
  </ItemGroup>
  <ItemGroup>
    <Text Include="ReadMe.txt" />
  </ItemGroup>
  <ItemGroup>
    <ClCompile Include="C:\Users\Neon\Desktop\Betweenness\src\Betweenness.cpp">
      <Filter>Resource Files</Filter>
    </ClCompile>
    <ClCompile Include="C:\Users\Neon\Desktop\Betweenness\src\Edge.cpp">
      <Filter>Resource Files</Filter>
    </ClCompile>
    <ClCompile Include="C:\Users\Neon\Desktop\Betweenness\src\KeyValuePair.cpp">
      <Filter>Resource Files</Filter>
    </ClCompile>
    <ClCompile Include="C:\Users\Neon\Desktop\Betweenness\src\main.cpp">
      <Filter>Resource Files</Filter>
    </ClCompile>
    <ClCompile Include="C:\Users\Neon\Desktop\Betweenness\src\Utils.cpp">
      <Filter>Resource Files</Filter>
    </ClCompile>
    <ClCompile Include="C:\Users\Neon\Desktop\Betweenness\src\WeightedDirectedGraph.cpp">
      <Filter>Resource Files</Filter>
    </ClCompile>
  </ItemGroup>
  <ItemGroup>
    <ClInclude Include="C:\Users\Neon\Desktop\Betweenness\src\Betweenness.h">
      <Filter>Header Files</Filter>
    </ClInclude>
    <ClInclude Include="C:\Users\Neon\Desktop\Betweenness\src\Edge.h">
      <Filter>Header Files</Filter>
    </ClInclude>
    <ClInclude Include="C:\Users\Neon\Desktop\Betweenness\src\KeyValuePair.h">
      <Filter>Header Files</Filter>
    </ClInclude>
    <ClInclude Include="C:\Users\Neon\Desktop\Betweenness\src\Utils.h">
      <Filter>Header Files</Filter>
    </ClInclude>
    <ClInclude Include="C:\Users\Neon\Desktop\Betweenness\src\WeightedDirectedGraph.h">
      <Filter>Header Files</Filter>
    </ClInclude>
  </ItemGroup>
</Project>